
Microsoft Visual Studio Solution File, Format Version 12.00
# Visual Studio 15
VisualStudioVersion = 15.0.27130.2027
MinimumVisualStudioVersion = 10.0.40219.1
Project("{8BC9CEB8-8B4A-11D0-8D11-00A0C91BC942}") = "JSSP", "JSSP.vcxproj", "{F9FC9D7B-32EE-4D8C-AE3A-6063CE179FFF}"
EndProject
Global
	GlobalSection(SolutionConfigurationPlatforms) = preSolution
		Debug|x64 = Debug|x64
		Debug|x86 = Debug|x86
		Release|x64 = Release|x64
		Release|x86 = Release|x86
	EndGlobalSection
	GlobalSection(ProjectConfigurationPlatforms) = postSolution
		{F9FC9D7B-32EE-4D8C-AE3A-6063CE179FFF}.Debug|x64.ActiveCfg = Debug|x64
		{F9FC9D7B-32EE-4D8C-AE3A-6063CE179FFF}.Debug|x64.Build.0 = Debug|x64
		{F9FC9D7B-32EE-4D8C-AE3A-6063CE179FFF}.Debug|x86.ActiveCfg = Debug|Win32
		{F9FC9D7B-32EE-4D8C-AE3A-6063CE179FFF}.Debug|x86.Build.0 = Debug|Win32
		{F9FC9D7B-32EE-4D8C-AE3A-6063CE179FFF}.Release|x64.ActiveCfg = Release|x64
		{F9FC9D7B-32EE-4D8C-AE3A-6063CE179FFF}.Release|x64.Build.0 = Release|x64
		{F9FC9D7B-32EE-4D8C-AE3A-6063CE179FFF}.Release|x86.ActiveCfg = Release|Win32
		{F9FC9D7B-32EE-4D8C-AE3A-6063CE179FFF}.Release|x86.Build.0 = Release|Win32
	EndGlobalSection
	GlobalSection(SolutionProperties) = preSolution
		HideSolutionNode = FALSE
	EndGlobalSection
	GlobalSection(ExtensibilityGlobals) = postSolution
		SolutionGuid = {DA6348D6-BCA6-432B-AA2A-04E871F82826}
	EndGlobalSection
EndGlobal
